
Microsoft Visual Studio Solution File, Format Version 12.00
# Visual Studio 15
VisualStudioVersion = 15.0.28307.705
MinimumVisualStudioVersion = 10.0.40219.1
Project("{FAE04EC0-301F-11D3-BF4B-00C04F79EFBC}") = "TP.PabloRibeiro.Depurar", "TP.PabloRibeiro.Depurar\TP.PabloRibeiro.Depurar.csproj", "{531E256B-5A77-47A4-A603-C3DC3043BE55}"
EndProject
Global
	GlobalSection(SolutionConfigurationPlatforms) = preSolution
		Debug|Any CPU = Debug|Any CPU
		Release|Any CPU = Release|Any CPU
	EndGlobalSection
	GlobalSection(ProjectConfigurationPlatforms) = postSolution
		{531E256B-5A77-47A4-A603-C3DC3043BE55}.Debug|Any CPU.ActiveCfg = Debug|Any CPU
		{531E256B-5A77-47A4-A603-C3DC3043BE55}.Debug|Any CPU.Build.0 = Debug|Any CPU
		{531E256B-5A77-47A4-A603-C3DC3043BE55}.Release|Any CPU.ActiveCfg = Release|Any CPU
		{531E256B-5A77-47A4-A603-C3DC3043BE55}.Release|Any CPU.Build.0 = Release|Any CPU
	EndGlobalSection
	GlobalSection(SolutionProperties) = preSolution
		HideSolutionNode = FALSE
	EndGlobalSection
	GlobalSection(ExtensibilityGlobals) = postSolution
		SolutionGuid = {EC2E7D9F-D55F-4E40-936A-DF5F576C4752}
	EndGlobalSection
EndGlobal
